<?xml version="1.0" encoding="utf-8"?>
<Project ToolsVersion="4.0" xmlns="http://schemas.microsoft.com/developer/msbuild/2003">
  <ItemGroup>
    <Filter Include="Source Files">
      <UniqueIdentifier>{4FC737F1-C7A5-4376-A066-2A32D752A2FF}</UniqueIdentifier>
      <Extensions>cpp;c;cc;cxx;def;odl;idl;hpj;bat;asm;asmx</Extensions>
    </Filter>
    <Filter Include="Header Files">
      <UniqueIdentifier>{93995380-89BD-4b04-88EB-625FBE52EBFB}</UniqueIdentifier>
      <Extensions>h;hpp;hxx;hm;inl;inc;xsd</Extensions>
    </Filter>
    <Filter Include="Resource Files">
      <UniqueIdentifier>{67DA6AB6-F800-4c08-8B7A-83BB121AAD01}</UniqueIdentifier>
      <Extensions>rc;ico;cur;bmp;dlg;rc2;rct;bin;rgs;gif;jpg;jpeg;jpe;resx;tiff;tif;png;wav;mfcribbon-ms</Extensions>
    </Filter>
    <Filter Include="Header Files\Shader">
      <UniqueIdentifier>{7ea82807-9c20-4d52-855f-aa4a2e6ed252}</UniqueIdentifier>
    </Filter>
    <Filter Include="Source Files\Shader">
      <UniqueIdentifier>{f479bb5f-e96c-4a9f-979c-56aae5850ac7}</UniqueIdentifier>
    </Filter>
    <Filter Include="Header Files\Physics">
      <UniqueIdentifier>{f850a68d-414f-4005-9d86-119a9f15dc1a}</UniqueIdentifier>
    </Filter>
    <Filter Include="Resource Files\Pixel Shaders">
      <UniqueIdentifier>{653b7cc1-b1d4-4325-9895-c7d4274efe19}</UniqueIdentifier>
    </Filter>
    <Filter Include="Resource Files\Vertex Shaders">
      <UniqueIdentifier>{1824fa2f-9dd4-4f3c-b08e-0376cb897a7e}</UniqueIdentifier>
    </Filter>
    <Filter Include="Source Files\Physics">
      <UniqueIdentifier>{a724956f-c2cc-4b72-acca-9aa551542f5d}</UniqueIdentifier>
    </Filter>
    <Filter Include="Header Files\Physics\Collision Detection">
      <UniqueIdentifier>{81b0a424-b7a1-4069-bfa2-5601df4f1215}</UniqueIdentifier>
    </Filter>
    <Filter Include="Header Files\Rendering">
      <UniqueIdentifier>{ab498c38-9065-481c-a50e-e4e7fc1d9dcb}</UniqueIdentifier>
    </Filter>
  </ItemGroup>
  <ItemGroup>
    <ClCompile Include="main.cpp">
      <Filter>Source Files</Filter>
    </ClCompile>
    <ClCompile Include="Helper.cpp">
      <Filter>Source Files</Filter>
    </ClCompile>
    <ClCompile Include="ShaderManager.cpp">
      <Filter>Source Files\Shader</Filter>
    </ClCompile>
    <ClCompile Include="Shader.cpp">
      <Filter>Source Files\Shader</Filter>
    </ClCompile>
    <ClCompile Include="Model.cpp">
      <Filter>Source Files</Filter>
    </ClCompile>
    <ClCompile Include="RigidBody.cpp">
      <Filter>Source Files\Physics</Filter>
    </ClCompile>
  </ItemGroup>
  <ItemGroup>
    <ClInclude Include="Camera.h">
      <Filter>Header Files</Filter>
    </ClInclude>
    <ClInclude Include="Helper.h">
      <Filter>Header Files</Filter>
    </ClInclude>
    <ClInclude Include="Shader.h">
      <Filter>Header Files\Shader</Filter>
    </ClInclude>
    <ClInclude Include="ShaderManager.h">
      <Filter>Header Files\Shader</Filter>
    </ClInclude>
    <ClInclude Include="Common.h">
      <Filter>Header Files</Filter>
    </ClInclude>
    <ClInclude Include="Keys.h">
      <Filter>Header Files</Filter>
    </ClInclude>
    <ClInclude Include="ParticleSystem.h">
      <Filter>Header Files\Physics</Filter>
    </ClInclude>
    <ClInclude Include="Line.h">
      <Filter>Header Files</Filter>
    </ClInclude>
    <ClInclude Include="Model.h">
      <Filter>Header Files</Filter>
    </ClInclude>
    <ClInclude Include="Inertia.h">
      <Filter>Header Files\Physics</Filter>
    </ClInclude>
    <ClInclude Include="RigidbodyManager.h">
      <Filter>Header Files\Physics</Filter>
    </ClInclude>
    <ClInclude Include="RigidBody.h">
      <Filter>Header Files\Physics</Filter>
    </ClInclude>
    <ClInclude Include="AABB.h">
      <Filter>Header Files\Physics\Collision Detection</Filter>
    </ClInclude>
    <ClInclude Include="BoundingSphere.h">
      <Filter>Header Files\Physics\Collision Detection</Filter>
    </ClInclude>
  </ItemGroup>
  <ItemGroup>
    <None Include="Shaders\black.ps">
      <Filter>Resource Files\Pixel Shaders</Filter>
    </None>
    <None Include="Shaders\diffuse.ps">
      <Filter>Resource Files\Pixel Shaders</Filter>
    </None>
    <None Include="Shaders\diffuse.vs">
      <Filter>Resource Files\Vertex Shaders</Filter>
    </None>
    <None Include="Shaders\particle.vs">
      <Filter>Resource Files\Vertex Shaders</Filter>
    </None>
    <None Include="Shaders\red.ps">
      <Filter>Resource Files\Pixel Shaders</Filter>
    </None>
    <None Include="Shaders\particle.ps">
      <Filter>Resource Files\Pixel Shaders</Filter>
    </None>
    <None Include="Shaders\white.ps">
      <Filter>Resource Files\Pixel Shaders</Filter>
    </None>
  </ItemGroup>
</Project>